
Microsoft Visual Studio Solution File, Format Version 12.00
# Visual Studio Version 17
VisualStudioVersion = 17.8.34525.116
MinimumVisualStudioVersion = 10.0.40219.1
Project("{FAE04EC0-301F-11D3-BF4B-00C04F79EFBC}") = "ExemploBootstrapTable", "src\ExemploBootstrapTable\ExemploBootstrapTable.csproj", "{1645EB45-0B4B-40EA-86F0-A593FC9E7818}"
EndProject
Global
	GlobalSection(SolutionConfigurationPlatforms) = preSolution
		Debug|Any CPU = Debug|Any CPU
		Release|Any CPU = Release|Any CPU
	EndGlobalSection
	GlobalSection(ProjectConfigurationPlatforms) = postSolution
		{1645EB45-0B4B-40EA-86F0-A593FC9E7818}.Debug|Any CPU.ActiveCfg = Debug|Any CPU
		{1645EB45-0B4B-40EA-86F0-A593FC9E7818}.Debug|Any CPU.Build.0 = Debug|Any CPU
		{1645EB45-0B4B-40EA-86F0-A593FC9E7818}.Release|Any CPU.ActiveCfg = Release|Any CPU
		{1645EB45-0B4B-40EA-86F0-A593FC9E7818}.Release|Any CPU.Build.0 = Release|Any CPU
	EndGlobalSection
	GlobalSection(SolutionProperties) = preSolution
		HideSolutionNode = FALSE
	EndGlobalSection
	GlobalSection(ExtensibilityGlobals) = postSolution
		SolutionGuid = {DFF060EC-5C38-49CC-842D-B4909D67FB07}
	EndGlobalSection
EndGlobal
